
Microsoft Visual Studio Solution File, Format Version 12.00
# Visual Studio Version 16
VisualStudioVersion = 16.0.29230.47
MinimumVisualStudioVersion = 10.0.40219.1
Project("{FAE04EC0-301F-11D3-BF4B-00C04F79EFBC}") = "Tienda Ocho", "Tienda Ocho.csproj", "{B7ADAD10-7573-4619-ACF3-BD2C0D852C10}"
EndProject
Global
	GlobalSection(SolutionConfigurationPlatforms) = preSolution
		Debug|Any CPU = Debug|Any CPU
		Release|Any CPU = Release|Any CPU
	EndGlobalSection
	GlobalSection(ProjectConfigurationPlatforms) = postSolution
		{B7ADAD10-7573-4619-ACF3-BD2C0D852C10}.Debug|Any CPU.ActiveCfg = Debug|Any CPU
		{B7ADAD10-7573-4619-ACF3-BD2C0D852C10}.Debug|Any CPU.Build.0 = Debug|Any CPU
		{B7ADAD10-7573-4619-ACF3-BD2C0D852C10}.Release|Any CPU.ActiveCfg = Release|Any CPU
		{B7ADAD10-7573-4619-ACF3-BD2C0D852C10}.Release|Any CPU.Build.0 = Release|Any CPU
	EndGlobalSection
	GlobalSection(SolutionProperties) = preSolution
		HideSolutionNode = FALSE
	EndGlobalSection
	GlobalSection(ExtensibilityGlobals) = postSolution
		SolutionGuid = {A71D35CC-B484-4D43-B0DA-5B1CC13D16F9}
	EndGlobalSection
EndGlobal
